
Microsoft Visual Studio Solution File, Format Version 12.00
# Visual Studio Version 16
VisualStudioVersion = 16.0.29926.136
MinimumVisualStudioVersion = 10.0.40219.1
Project("{FAE04EC0-301F-11D3-BF4B-00C04F79EFBC}") = "Ludo", "Ludo\Ludo.csproj", "{745C5C2E-0410-4218-94CE-9AA97DC2E40A}"
EndProject
Project("{FAE04EC0-301F-11D3-BF4B-00C04F79EFBC}") = "SignalRTest", "SignalRTest\SignalRTest.csproj", "{E82F5524-4848-4417-8388-A64443C5585F}"
EndProject
Global
	GlobalSection(SolutionConfigurationPlatforms) = preSolution
		Debug|Any CPU = Debug|Any CPU
		Release|Any CPU = Release|Any CPU
	EndGlobalSection
	GlobalSection(ProjectConfigurationPlatforms) = postSolution
		{745C5C2E-0410-4218-94CE-9AA97DC2E40A}.Debug|Any CPU.ActiveCfg = Debug|Any CPU
		{745C5C2E-0410-4218-94CE-9AA97DC2E40A}.Debug|Any CPU.Build.0 = Debug|Any CPU
		{745C5C2E-0410-4218-94CE-9AA97DC2E40A}.Release|Any CPU.ActiveCfg = Release|Any CPU
		{745C5C2E-0410-4218-94CE-9AA97DC2E40A}.Release|Any CPU.Build.0 = Release|Any CPU
		{E82F5524-4848-4417-8388-A64443C5585F}.Debug|Any CPU.ActiveCfg = Debug|Any CPU
		{E82F5524-4848-4417-8388-A64443C5585F}.Debug|Any CPU.Build.0 = Debug|Any CPU
		{E82F5524-4848-4417-8388-A64443C5585F}.Release|Any CPU.ActiveCfg = Release|Any CPU
		{E82F5524-4848-4417-8388-A64443C5585F}.Release|Any CPU.Build.0 = Release|Any CPU
	EndGlobalSection
	GlobalSection(SolutionProperties) = preSolution
		HideSolutionNode = FALSE
	EndGlobalSection
	GlobalSection(ExtensibilityGlobals) = postSolution
		SolutionGuid = {21EBBBD3-0E0D-4418-A566-BDF38D7B1326}
	EndGlobalSection
EndGlobal
